
Microsoft Visual Studio Solution File, Format Version 12.00
# Visual Studio Version 17
VisualStudioVersion = 17.0.31903.59
MinimumVisualStudioVersion = 10.0.40219.1
Project("{2150E333-8FDC-42A3-9474-1A3956D46DE8}") = "Core", "Core", "{4867585F-D50A-47BE-9B04-1BCCA7A3F74C}"
EndProject
Project("{2150E333-8FDC-42A3-9474-1A3956D46DE8}") = "Solution Items", "Solution Items", "{5E86797E-8CE3-4709-9B8B-83A79B69B3F6}"
	ProjectSection(SolutionItems) = preProject
		.editorconfig = .editorconfig
		.gitignore = .gitignore
		README.md = README.md
	EndProjectSection
EndProject
Project("{2150E333-8FDC-42A3-9474-1A3956D46DE8}") = "Infrastructure", "Infrastructure", "{7B560D09-3CA3-4124-BF48-5CCC827BE5CC}"
EndProject
Project("{2150E333-8FDC-42A3-9474-1A3956D46DE8}") = "Presentation", "Presentation", "{D4CC2D4D-1CC6-4632-999C-AE2F79A94388}"
EndProject
Project("{2150E333-8FDC-42A3-9474-1A3956D46DE8}") = "src", "src", "{66A63135-9D50-495C-A2F9-9BB2A8B9078C}"
EndProject
Project("{2150E333-8FDC-42A3-9474-1A3956D46DE8}") = "tests", "tests", "{08C2E1DB-C35B-4697-A06B-62830EBDCE1C}"
EndProject
Project("{9A19103F-16F7-4668-BE54-9A1E7A4F7556}") = "Application", "src\Core\Application\Application.csproj", "{8FB28F21-715E-4589-AB22-C3F074D87C28}"
EndProject
Project("{9A19103F-16F7-4668-BE54-9A1E7A4F7556}") = "Domain", "src\Core\Domain\Domain.csproj", "{84D82D7A-495B-4B88-88E6-7BC55F33073E}"
EndProject
Project("{9A19103F-16F7-4668-BE54-9A1E7A4F7556}") = "Identity", "src\Infrastructure\Identity\Identity.csproj", "{2734336E-808F-426C-98FA-7D3AD0F5092A}"
EndProject
Project("{9A19103F-16F7-4668-BE54-9A1E7A4F7556}") = "Persistence", "src\Infrastructure\Persistence\Persistence.csproj", "{EB40E579-A51C-4E8C-8A79-6D82841DC5ED}"
EndProject
Project("{9A19103F-16F7-4668-BE54-9A1E7A4F7556}") = "Shared", "src\Infrastructure\Shared\Shared.csproj", "{312B851D-A770-46F3-9ABF-B951CE542338}"
EndProject
Project("{9A19103F-16F7-4668-BE54-9A1E7A4F7556}") = "Contracts", "src\Presentation\Contracts\Contracts.csproj", "{C93541E9-CCD0-4ECC-BD9B-C425C651DC12}"
EndProject
Project("{9A19103F-16F7-4668-BE54-9A1E7A4F7556}") = "WebApi", "src\Presentation\WebApi\WebApi.csproj", "{002F4E65-71BE-4D1B-A7CA-9A3B796EB2C1}"
EndProject
Global
	GlobalSection(SolutionConfigurationPlatforms) = preSolution
		Debug|Any CPU = Debug|Any CPU
		Release|Any CPU = Release|Any CPU
	EndGlobalSection
	GlobalSection(ProjectConfigurationPlatforms) = postSolution
		{8FB28F21-715E-4589-AB22-C3F074D87C28}.Debug|Any CPU.ActiveCfg = Debug|Any CPU
		{8FB28F21-715E-4589-AB22-C3F074D87C28}.Debug|Any CPU.Build.0 = Debug|Any CPU
		{8FB28F21-715E-4589-AB22-C3F074D87C28}.Release|Any CPU.ActiveCfg = Release|Any CPU
		{8FB28F21-715E-4589-AB22-C3F074D87C28}.Release|Any CPU.Build.0 = Release|Any CPU
		{84D82D7A-495B-4B88-88E6-7BC55F33073E}.Debug|Any CPU.ActiveCfg = Debug|Any CPU
		{84D82D7A-495B-4B88-88E6-7BC55F33073E}.Debug|Any CPU.Build.0 = Debug|Any CPU
		{84D82D7A-495B-4B88-88E6-7BC55F33073E}.Release|Any CPU.ActiveCfg = Release|Any CPU
		{84D82D7A-495B-4B88-88E6-7BC55F33073E}.Release|Any CPU.Build.0 = Release|Any CPU
		{2734336E-808F-426C-98FA-7D3AD0F5092A}.Debug|Any CPU.ActiveCfg = Debug|Any CPU
		{2734336E-808F-426C-98FA-7D3AD0F5092A}.Debug|Any CPU.Build.0 = Debug|Any CPU
		{2734336E-808F-426C-98FA-7D3AD0F5092A}.Release|Any CPU.ActiveCfg = Release|Any CPU
		{2734336E-808F-426C-98FA-7D3AD0F5092A}.Release|Any CPU.Build.0 = Release|Any CPU
		{EB40E579-A51C-4E8C-8A79-6D82841DC5ED}.Debug|Any CPU.ActiveCfg = Debug|Any CPU
		{EB40E579-A51C-4E8C-8A79-6D82841DC5ED}.Debug|Any CPU.Build.0 = Debug|Any CPU
		{EB40E579-A51C-4E8C-8A79-6D82841DC5ED}.Release|Any CPU.ActiveCfg = Release|Any CPU
		{EB40E579-A51C-4E8C-8A79-6D82841DC5ED}.Release|Any CPU.Build.0 = Release|Any CPU
		{312B851D-A770-46F3-9ABF-B951CE542338}.Debug|Any CPU.ActiveCfg = Debug|Any CPU
		{312B851D-A770-46F3-9ABF-B951CE542338}.Debug|Any CPU.Build.0 = Debug|Any CPU
		{312B851D-A770-46F3-9ABF-B951CE542338}.Release|Any CPU.ActiveCfg = Release|Any CPU
		{312B851D-A770-46F3-9ABF-B951CE542338}.Release|Any CPU.Build.0 = Release|Any CPU
		{C93541E9-CCD0-4ECC-BD9B-C425C651DC12}.Debug|Any CPU.ActiveCfg = Debug|Any CPU
		{C93541E9-CCD0-4ECC-BD9B-C425C651DC12}.Debug|Any CPU.Build.0 = Debug|Any CPU
		{C93541E9-CCD0-4ECC-BD9B-C425C651DC12}.Release|Any CPU.ActiveCfg = Release|Any CPU
		{C93541E9-CCD0-4ECC-BD9B-C425C651DC12}.Release|Any CPU.Build.0 = Release|Any CPU
		{002F4E65-71BE-4D1B-A7CA-9A3B796EB2C1}.Debug|Any CPU.ActiveCfg = Debug|Any CPU
		{002F4E65-71BE-4D1B-A7CA-9A3B796EB2C1}.Debug|Any CPU.Build.0 = Debug|Any CPU
		{002F4E65-71BE-4D1B-A7CA-9A3B796EB2C1}.Release|Any CPU.ActiveCfg = Release|Any CPU
		{002F4E65-71BE-4D1B-A7CA-9A3B796EB2C1}.Release|Any CPU.Build.0 = Release|Any CPU
	EndGlobalSection
	GlobalSection(SolutionProperties) = preSolution
		HideSolutionNode = FALSE
	EndGlobalSection
	GlobalSection(NestedProjects) = preSolution
		{4867585F-D50A-47BE-9B04-1BCCA7A3F74C} = {66A63135-9D50-495C-A2F9-9BB2A8B9078C}
		{7B560D09-3CA3-4124-BF48-5CCC827BE5CC} = {66A63135-9D50-495C-A2F9-9BB2A8B9078C}
		{D4CC2D4D-1CC6-4632-999C-AE2F79A94388} = {66A63135-9D50-495C-A2F9-9BB2A8B9078C}
		{8FB28F21-715E-4589-AB22-C3F074D87C28} = {4867585F-D50A-47BE-9B04-1BCCA7A3F74C}
		{84D82D7A-495B-4B88-88E6-7BC55F33073E} = {4867585F-D50A-47BE-9B04-1BCCA7A3F74C}
		{2734336E-808F-426C-98FA-7D3AD0F5092A} = {7B560D09-3CA3-4124-BF48-5CCC827BE5CC}
		{EB40E579-A51C-4E8C-8A79-6D82841DC5ED} = {7B560D09-3CA3-4124-BF48-5CCC827BE5CC}
		{312B851D-A770-46F3-9ABF-B951CE542338} = {7B560D09-3CA3-4124-BF48-5CCC827BE5CC}
		{C93541E9-CCD0-4ECC-BD9B-C425C651DC12} = {D4CC2D4D-1CC6-4632-999C-AE2F79A94388}
		{002F4E65-71BE-4D1B-A7CA-9A3B796EB2C1} = {D4CC2D4D-1CC6-4632-999C-AE2F79A94388}
	EndGlobalSection
	GlobalSection(ExtensibilityGlobals) = postSolution
		SolutionGuid = {D00309B2-8C9F-420B-9E2E-296A1D7132B7}
	EndGlobalSection
EndGlobal
